<?xml version="1.0" encoding="utf-8"?>
<Project ToolsVersion="4.0" xmlns="http://schemas.microsoft.com/developer/msbuild/2003">
  <ItemGroup>
    <Filter Include="File">
      <UniqueIdentifier>{0c262053-941f-4980-90af-b6f9abf63866}</UniqueIdentifier>
    </Filter>
    <Filter Include="Search">
      <UniqueIdentifier>{28bde528-ff73-40f2-b861-d44353bdf49d}</UniqueIdentifier>
    </Filter>
    <Filter Include="Main">
      <UniqueIdentifier>{a9fdd509-67ff-4671-be8a-4e983119dcfc}</UniqueIdentifier>
    </Filter>
    <Filter Include="LogLine">
      <UniqueIdentifier>{b4d50ddd-1404-4fd5-9380-194860a9fe1e}</UniqueIdentifier>
    </Filter>
    <Filter Include="Logger">
      <UniqueIdentifier>{8eab1f23-f758-4d92-9390-a42fa6fb13fc}</UniqueIdentifier>
    </Filter>
    <Filter Include="Mesure">
      <UniqueIdentifier>{0ab039e9-61eb-4adf-8caf-14ae93536286}</UniqueIdentifier>
    </Filter>
    <Filter Include="Analyzer">
      <UniqueIdentifier>{3f4533a1-0ef0-4d21-b7e2-55f78e9dde43}</UniqueIdentifier>
    </Filter>
    <Filter Include="ConfigLoader">
      <UniqueIdentifier>{6923e023-b8e2-40ec-9e25-72c1ab2cf925}</UniqueIdentifier>
    </Filter>
    <Filter Include="Parsers">
      <UniqueIdentifier>{95188501-631e-4a73-ac4f-35fcb08e20f8}</UniqueIdentifier>
    </Filter>
    <Filter Include="Parsers\Asw">
      <UniqueIdentifier>{cc854857-d558-4092-b727-894d0a5e98ef}</UniqueIdentifier>
    </Filter>
    <Filter Include="ShareData">
      <UniqueIdentifier>{285a94be-5a21-495d-8861-ec58578447e2}</UniqueIdentifier>
    </Filter>
    <Filter Include="zlib">
      <UniqueIdentifier>{1fa9bdc3-4a11-4872-90d8-b1bcd8d96499}</UniqueIdentifier>
    </Filter>
    <Filter Include="Archive">
      <UniqueIdentifier>{5dc2d4ab-4279-416a-9a63-67f8255613a9}</UniqueIdentifier>
    </Filter>
    <Filter Include="Utils">
      <UniqueIdentifier>{4ccdaaee-c06a-4f94-b601-f5ca0b2c9fcb}</UniqueIdentifier>
    </Filter>
    <Filter Include="Data">
      <UniqueIdentifier>{f1189fb6-2701-40a7-9a03-a90aa58eb3ea}</UniqueIdentifier>
    </Filter>
  </ItemGroup>
  <ItemGroup>
    <ClInclude Include="file_holder.h">
      <Filter>File</Filter>
    </ClInclude>
    <ClInclude Include="stdafx.h" />
    <ClInclude Include="targetver.h" />
    <ClInclude Include="search.h">
      <Filter>Search</Filter>
    </ClInclude>
    <ClInclude Include="logger_holder.h">
      <Filter>Logger</Filter>
    </ClInclude>
    <ClInclude Include="time_measure.h">
      <Filter>Mesure</Filter>
    </ClInclude>
    <ClInclude Include="config_loader.h">
      <Filter>ConfigLoader</Filter>
    </ClInclude>
    <ClInclude Include="analyzer.h">
      <Filter>Parsers\Asw</Filter>
    </ClInclude>
    <ClInclude Include="log_line.h">
      <Filter>Parsers\Asw</Filter>
    </ClInclude>
    <ClInclude Include="parsers.h">
      <Filter>Parsers</Filter>
    </ClInclude>
    <ClInclude Include="utils.h">
      <Filter>Utils</Filter>
    </ClInclude>
    <ClInclude Include="share_data.h">
      <Filter>ShareData</Filter>
    </ClInclude>
    <ClInclude Include="share_data_holder.h">
      <Filter>ShareData</Filter>
    </ClInclude>
    <ClInclude Include="zlib\crc32.h">
      <Filter>zlib</Filter>
    </ClInclude>
    <ClInclude Include="zlib\deflate.h">
      <Filter>zlib</Filter>
    </ClInclude>
    <ClInclude Include="zlib\gzguts.h">
      <Filter>zlib</Filter>
    </ClInclude>
    <ClInclude Include="zlib\inffast.h">
      <Filter>zlib</Filter>
    </ClInclude>
    <ClInclude Include="zlib\inffixed.h">
      <Filter>zlib</Filter>
    </ClInclude>
    <ClInclude Include="zlib\inflate.h">
      <Filter>zlib</Filter>
    </ClInclude>
    <ClInclude Include="zlib\inftrees.h">
      <Filter>zlib</Filter>
    </ClInclude>
    <ClInclude Include="zlib\trees.h">
      <Filter>zlib</Filter>
    </ClInclude>
    <ClInclude Include="zlib\zconf.h">
      <Filter>zlib</Filter>
    </ClInclude>
    <ClInclude Include="zlib\zlib.h">
      <Filter>zlib</Filter>
    </ClInclude>
    <ClInclude Include="zlib\zutil.h">
      <Filter>zlib</Filter>
    </ClInclude>
    <ClInclude Include="archive_gz.h">
      <Filter>Archive</Filter>
    </ClInclude>
    <ClInclude Include="scope_guard.h">
      <Filter>Utils</Filter>
    </ClInclude>
    <ClInclude Include="bom.h">
      <Filter>File</Filter>
    </ClInclude>
    <ClInclude Include="data.h">
      <Filter>Data</Filter>
    </ClInclude>
  </ItemGroup>
  <ItemGroup>
    <ClCompile Include="file_holder.cpp">
      <Filter>File</Filter>
    </ClCompile>
    <ClCompile Include="stdafx.cpp" />
    <ClCompile Include="logan.cpp">
      <Filter>Main</Filter>
    </ClCompile>
    <ClCompile Include="search.cpp">
      <Filter>Search</Filter>
    </ClCompile>
    <ClCompile Include="logger_holder.cpp">
      <Filter>Logger</Filter>
    </ClCompile>
    <ClCompile Include="config_loader.cpp">
      <Filter>ConfigLoader</Filter>
    </ClCompile>
    <ClCompile Include="analyzer.cpp">
      <Filter>Parsers\Asw</Filter>
    </ClCompile>
    <ClCompile Include="log_line.cpp">
      <Filter>Parsers\Asw</Filter>
    </ClCompile>
    <ClCompile Include="zlib\adler32.c">
      <Filter>zlib</Filter>
    </ClCompile>
    <ClCompile Include="zlib\compress.c">
      <Filter>zlib</Filter>
    </ClCompile>
    <ClCompile Include="zlib\crc32.c">
      <Filter>zlib</Filter>
    </ClCompile>
    <ClCompile Include="zlib\deflate.c">
      <Filter>zlib</Filter>
    </ClCompile>
    <ClCompile Include="zlib\gzclose.c">
      <Filter>zlib</Filter>
    </ClCompile>
    <ClCompile Include="zlib\gzlib.c">
      <Filter>zlib</Filter>
    </ClCompile>
    <ClCompile Include="zlib\gzread.c">
      <Filter>zlib</Filter>
    </ClCompile>
    <ClCompile Include="zlib\gzwrite.c">
      <Filter>zlib</Filter>
    </ClCompile>
    <ClCompile Include="zlib\infback.c">
      <Filter>zlib</Filter>
    </ClCompile>
    <ClCompile Include="zlib\inffast.c">
      <Filter>zlib</Filter>
    </ClCompile>
    <ClCompile Include="zlib\inflate.c">
      <Filter>zlib</Filter>
    </ClCompile>
    <ClCompile Include="zlib\inftrees.c">
      <Filter>zlib</Filter>
    </ClCompile>
    <ClCompile Include="zlib\trees.c">
      <Filter>zlib</Filter>
    </ClCompile>
    <ClCompile Include="zlib\uncompr.c">
      <Filter>zlib</Filter>
    </ClCompile>
    <ClCompile Include="zlib\zutil.c">
      <Filter>zlib</Filter>
    </ClCompile>
    <ClCompile Include="archive_gz.cpp">
      <Filter>Archive</Filter>
    </ClCompile>
    <ClCompile Include="data.cpp">
      <Filter>Data</Filter>
    </ClCompile>
  </ItemGroup>
</Project>